
Microsoft Visual Studio Solution File, Format Version 12.00
# Visual Studio Version 17
VisualStudioVersion = 17.14.37614.0
MinimumVisualStudioVersion = 10.0.40219.1
Project("{FAE04EC0-301F-11D3-BF4B-00C04F79EFBC}") = "dotnet_lab3", "dotnet_lab3\dotnet_lab3.csproj", "{C54B5D36-60A5-4049-886C-5E6F15C24642}"
EndProject
Project("{FAE04EC0-301F-11D3-BF4B-00C04F79EFBC}") = "ProgrammerTest", "ProgrammerTest\ProgrammerTest.csproj", "{07993A0B-E435-4564-8A3B-9B497CAE2CE5}"
EndProject
Project("{FAE04EC0-301F-11D3-BF4B-00C04F79EFBC}") = "DesignerTest", "DesignerTest\DesignerTest.csproj", "{53A7835A-C0C4-416D-8936-DC871FABE089}"
EndProject
Global
	GlobalSection(SolutionConfigurationPlatforms) = preSolution
		Debug|Any CPU = Debug|Any CPU
		Release|Any CPU = Release|Any CPU
	EndGlobalSection
	GlobalSection(ProjectConfigurationPlatforms) = postSolution
		{C54B5D36-60A5-4049-886C-5E6F15C24642}.Debug|Any CPU.ActiveCfg = Debug|Any CPU
		{C54B5D36-60A5-4049-886C-5E6F15C24642}.Debug|Any CPU.Build.0 = Debug|Any CPU
		{C54B5D36-60A5-4049-886C-5E6F15C24642}.Release|Any CPU.ActiveCfg = Release|Any CPU
		{C54B5D36-60A5-4049-886C-5E6F15C24642}.Release|Any CPU.Build.0 = Release|Any CPU
		{07993A0B-E435-4564-8A3B-9B497CAE2CE5}.Debug|Any CPU.ActiveCfg = Debug|Any CPU
		{07993A0B-E435-4564-8A3B-9B497CAE2CE5}.Debug|Any CPU.Build.0 = Debug|Any CPU
		{07993A0B-E435-4564-8A3B-9B497CAE2CE5}.Release|Any CPU.ActiveCfg = Release|Any CPU
		{07993A0B-E435-4564-8A3B-9B497CAE2CE5}.Release|Any CPU.Build.0 = Release|Any CPU
		{53A7835A-C0C4-416D-8936-DC871FABE089}.Debug|Any CPU.ActiveCfg = Debug|Any CPU
		{53A7835A-C0C4-416D-8936-DC871FABE089}.Debug|Any CPU.Build.0 = Debug|Any CPU
		{53A7835A-C0C4-416D-8936-DC871FABE089}.Release|Any CPU.ActiveCfg = Release|Any CPU
		{53A7835A-C0C4-416D-8936-DC871FABE089}.Release|Any CPU.Build.0 = Release|Any CPU
	EndGlobalSection
	GlobalSection(SolutionProperties) = preSolution
		HideSolutionNode = FALSE
	EndGlobalSection
	GlobalSection(ExtensibilityGlobals) = postSolution
		SolutionGuid = {E43B7E35-D080-489C-BAB9-2186EF303FDA}
	EndGlobalSection
EndGlobal
